{
  "name": "cd0046-SQL-and-Data-Modeling-for-the-Web",
  "version": "1.0.0",
  "lockfileVersion": 1,
  "requires": true,
  "dependencies": {
    "babel": {
      "version": "6.23.0",
      "resolved": "https://registry.npmjs.org/babel/-/babel-6.23.0.tgz",
      "integrity": "sha512-ZDcCaI8Vlct8PJ3DvmyqUz+5X2Ylz3ZuuItBe/74yXosk2dwyVo/aN7MCJ8HJzhnnJ+6yP4o+lDgG9MBe91DLA=="
    },
    "bootstrap": {
      "version": "3.4.1",
      "resolved": "https://registry.npmjs.org/bootstrap/-/bootstrap-3.4.1.tgz",
      "integrity": "sha512-yN5oZVmRCwe5aKwzRj6736nSmKDX7pLYwsXiCj/EYmo16hODaBiT4En5btW/jhBF/seV+XMx3aYwukYC3A49DA=="
    },
    "dateutil": {
      "version": "0.1.0",
      "resolved": "https://registry.npmjs.org/dateutil/-/dateutil-0.1.0.tgz",
      "integrity": "sha512-bI8Lm50mageQER89AvYr+bAxXn4MCAkjSg3M58QY2evrIypUk2aCQcMZ86f31tjmt2ceMrPkrHkhItYqOJsObw=="
    }
  }
}
